
Microsoft Visual Studio Solution File, Format Version 12.00
# Visual Studio Version 17
VisualStudioVersion = 17.7.34202.233
MinimumVisualStudioVersion = 10.0.40219.1
Project("{FAE04EC0-301F-11D3-BF4B-00C04F79EFBC}") = "Day_1", "Day_1\Day_1.csproj", "{A2074FB2-FDA3-4AED-9DE7-E39B205983B8}"
EndProject
Global
	GlobalSection(SolutionConfigurationPlatforms) = preSolution
		Debug|Any CPU = Debug|Any CPU
		Release|Any CPU = Release|Any CPU
	EndGlobalSection
	GlobalSection(ProjectConfigurationPlatforms) = postSolution
		{A2074FB2-FDA3-4AED-9DE7-E39B205983B8}.Debug|Any CPU.ActiveCfg = Debug|Any CPU
		{A2074FB2-FDA3-4AED-9DE7-E39B205983B8}.Debug|Any CPU.Build.0 = Debug|Any CPU
		{A2074FB2-FDA3-4AED-9DE7-E39B205983B8}.Release|Any CPU.ActiveCfg = Release|Any CPU
		{A2074FB2-FDA3-4AED-9DE7-E39B205983B8}.Release|Any CPU.Build.0 = Release|Any CPU
	EndGlobalSection
	GlobalSection(SolutionProperties) = preSolution
		HideSolutionNode = FALSE
	EndGlobalSection
	GlobalSection(ExtensibilityGlobals) = postSolution
		SolutionGuid = {BAF1D9C8-E4DD-4D85-A917-A2384DA39D80}
	EndGlobalSection
EndGlobal
