
Microsoft Visual Studio Solution File, Format Version 12.00
# Visual Studio Version 17
VisualStudioVersion = 17.7.34202.233
MinimumVisualStudioVersion = 10.0.40219.1
Project("{9A19103F-16F7-4668-BE54-9A1E7A4F7556}") = "Day_1", "Day_1\Day_1.csproj", "{A2074FB2-FDA3-4AED-9DE7-E39B205983B8}"
EndProject
Project("{9A19103F-16F7-4668-BE54-9A1E7A4F7556}") = "Day_2", "Day_2\Day_2.csproj", "{FF2AB902-2AF6-4D5A-BFE0-FEADB8350B26}"
EndProject
Project("{9A19103F-16F7-4668-BE54-9A1E7A4F7556}") = "Day_2_OPP", "Day_2_OPP\Day_2_OPP.csproj", "{77D9BA46-6231-42F7-BE33-DCEFEE31F636}"
EndProject
Project("{9A19103F-16F7-4668-BE54-9A1E7A4F7556}") = "Day_3", "Day_3\Day_3.csproj", "{6474FC5F-6738-4B7F-BDB6-F89D7FF57AC3}"
EndProject
Project("{FAE04EC0-301F-11D3-BF4B-00C04F79EFBC}") = "Day_3_Static", "Day_3_Static\Day_3_Static.csproj", "{6ABA842F-17E4-4851-924A-7D786B6ED371}"
EndProject
Project("{FAE04EC0-301F-11D3-BF4B-00C04F79EFBC}") = "Day_3_Inheritance", "Day_3_Inheritance\Day_3_Inheritance.csproj", "{564D3FA0-93C0-4129-A4AF-3F6F22F8DBF4}"
EndProject
Project("{FAE04EC0-301F-11D3-BF4B-00C04F79EFBC}") = "Day_3_Collections", "Day_3_Collections\Day_3_Collections.csproj", "{0A509CCE-CD8C-49ED-8931-A6D27497CE91}"
EndProject
Global
	GlobalSection(SolutionConfigurationPlatforms) = preSolution
		Debug|Any CPU = Debug|Any CPU
		Release|Any CPU = Release|Any CPU
	EndGlobalSection
	GlobalSection(ProjectConfigurationPlatforms) = postSolution
		{A2074FB2-FDA3-4AED-9DE7-E39B205983B8}.Debug|Any CPU.ActiveCfg = Debug|Any CPU
		{A2074FB2-FDA3-4AED-9DE7-E39B205983B8}.Debug|Any CPU.Build.0 = Debug|Any CPU
		{A2074FB2-FDA3-4AED-9DE7-E39B205983B8}.Release|Any CPU.ActiveCfg = Release|Any CPU
		{A2074FB2-FDA3-4AED-9DE7-E39B205983B8}.Release|Any CPU.Build.0 = Release|Any CPU
		{FF2AB902-2AF6-4D5A-BFE0-FEADB8350B26}.Debug|Any CPU.ActiveCfg = Debug|Any CPU
		{FF2AB902-2AF6-4D5A-BFE0-FEADB8350B26}.Debug|Any CPU.Build.0 = Debug|Any CPU
		{FF2AB902-2AF6-4D5A-BFE0-FEADB8350B26}.Release|Any CPU.ActiveCfg = Release|Any CPU
		{FF2AB902-2AF6-4D5A-BFE0-FEADB8350B26}.Release|Any CPU.Build.0 = Release|Any CPU
		{77D9BA46-6231-42F7-BE33-DCEFEE31F636}.Debug|Any CPU.ActiveCfg = Debug|Any CPU
		{77D9BA46-6231-42F7-BE33-DCEFEE31F636}.Debug|Any CPU.Build.0 = Debug|Any CPU
		{77D9BA46-6231-42F7-BE33-DCEFEE31F636}.Release|Any CPU.ActiveCfg = Release|Any CPU
		{77D9BA46-6231-42F7-BE33-DCEFEE31F636}.Release|Any CPU.Build.0 = Release|Any CPU
		{6474FC5F-6738-4B7F-BDB6-F89D7FF57AC3}.Debug|Any CPU.ActiveCfg = Debug|Any CPU
		{6474FC5F-6738-4B7F-BDB6-F89D7FF57AC3}.Debug|Any CPU.Build.0 = Debug|Any CPU
		{6474FC5F-6738-4B7F-BDB6-F89D7FF57AC3}.Release|Any CPU.ActiveCfg = Release|Any CPU
		{6474FC5F-6738-4B7F-BDB6-F89D7FF57AC3}.Release|Any CPU.Build.0 = Release|Any CPU
		{6ABA842F-17E4-4851-924A-7D786B6ED371}.Debug|Any CPU.ActiveCfg = Debug|Any CPU
		{6ABA842F-17E4-4851-924A-7D786B6ED371}.Debug|Any CPU.Build.0 = Debug|Any CPU
		{6ABA842F-17E4-4851-924A-7D786B6ED371}.Release|Any CPU.ActiveCfg = Release|Any CPU
		{6ABA842F-17E4-4851-924A-7D786B6ED371}.Release|Any CPU.Build.0 = Release|Any CPU
		{564D3FA0-93C0-4129-A4AF-3F6F22F8DBF4}.Debug|Any CPU.ActiveCfg = Debug|Any CPU
		{564D3FA0-93C0-4129-A4AF-3F6F22F8DBF4}.Debug|Any CPU.Build.0 = Debug|Any CPU
		{564D3FA0-93C0-4129-A4AF-3F6F22F8DBF4}.Release|Any CPU.ActiveCfg = Release|Any CPU
		{564D3FA0-93C0-4129-A4AF-3F6F22F8DBF4}.Release|Any CPU.Build.0 = Release|Any CPU
		{0A509CCE-CD8C-49ED-8931-A6D27497CE91}.Debug|Any CPU.ActiveCfg = Debug|Any CPU
		{0A509CCE-CD8C-49ED-8931-A6D27497CE91}.Debug|Any CPU.Build.0 = Debug|Any CPU
		{0A509CCE-CD8C-49ED-8931-A6D27497CE91}.Release|Any CPU.ActiveCfg = Release|Any CPU
		{0A509CCE-CD8C-49ED-8931-A6D27497CE91}.Release|Any CPU.Build.0 = Release|Any CPU
	EndGlobalSection
	GlobalSection(SolutionProperties) = preSolution
		HideSolutionNode = FALSE
	EndGlobalSection
	GlobalSection(ExtensibilityGlobals) = postSolution
		SolutionGuid = {BAF1D9C8-E4DD-4D85-A917-A2384DA39D80}
	EndGlobalSection
EndGlobal
